
Microsoft Visual Studio Solution File, Format Version 12.00
# Visual Studio Version 17
VisualStudioVersion = 17.4.33110.190
MinimumVisualStudioVersion = 10.0.40219.1
Project("{FAE04EC0-301F-11D3-BF4B-00C04F79EFBC}") = "СourseWork_SecondRealization", "СourseWork_SecondRealization\СourseWork_SecondRealization.csproj", "{9BE1BEDB-9016-4DDD-B6A6-AAADDD3D416B}"
EndProject
Global
	GlobalSection(SolutionConfigurationPlatforms) = preSolution
		Debug|Any CPU = Debug|Any CPU
		Release|Any CPU = Release|Any CPU
	EndGlobalSection
	GlobalSection(ProjectConfigurationPlatforms) = postSolution
		{9BE1BEDB-9016-4DDD-B6A6-AAADDD3D416B}.Debug|Any CPU.ActiveCfg = Debug|Any CPU
		{9BE1BEDB-9016-4DDD-B6A6-AAADDD3D416B}.Debug|Any CPU.Build.0 = Debug|Any CPU
		{9BE1BEDB-9016-4DDD-B6A6-AAADDD3D416B}.Release|Any CPU.ActiveCfg = Release|Any CPU
		{9BE1BEDB-9016-4DDD-B6A6-AAADDD3D416B}.Release|Any CPU.Build.0 = Release|Any CPU
	EndGlobalSection
	GlobalSection(SolutionProperties) = preSolution
		HideSolutionNode = FALSE
	EndGlobalSection
	GlobalSection(ExtensibilityGlobals) = postSolution
		SolutionGuid = {4EF3F61D-6CFA-4ABE-BD88-2EB70A576B2E}
	EndGlobalSection
EndGlobal
